<?xml version="1.0" encoding="utf-8"?>
<Project ToolsVersion="4.0" xmlns="http://schemas.microsoft.com/developer/msbuild/2003">
  <ItemGroup>
    <Filter Include="Source Files">
      <UniqueIdentifier>{4FC737F1-C7A5-4376-A066-2A32D752A2FF}</UniqueIdentifier>
      <Extensions>cpp;c;cc;cxx;def;odl;idl;hpj;bat;asm;asmx</Extensions>
    </Filter>
    <Filter Include="Header Files">
      <UniqueIdentifier>{93995380-89BD-4b04-88EB-625FBE52EBFB}</UniqueIdentifier>
      <Extensions>h;hh;hpp;hxx;hm;inl;inc;ipp;xsd</Extensions>
    </Filter>
    <Filter Include="Resource Files">
      <UniqueIdentifier>{67DA6AB6-F800-4c08-8B7A-83BB121AAD01}</UniqueIdentifier>
      <Extensions>rc;ico;cur;bmp;dlg;rc2;rct;bin;rgs;gif;jpg;jpeg;jpe;resx;tiff;tif;png;wav;mfcribbon-ms</Extensions>
    </Filter>
  </ItemGroup>
  <ItemGroup>
    <ClCompile Include="main.cpp">
      <Filter>Source Files</Filter>
    </ClCompile>
    <ClCompile Include="addnonnegatives.cpp">
      <Filter>Resource Files</Filter>
    </ClCompile>
    <ClCompile Include="addnumbers.cpp">
      <Filter>Resource Files</Filter>
    </ClCompile>
    <ClCompile Include="alternateddivision.cpp">
      <Filter>Resource Files</Filter>
    </ClCompile>
    <ClCompile Include="badequality.cpp">
      <Filter>Resource Files</Filter>
    </ClCompile>
    <ClCompile Include="betterdivision.cpp">
      <Filter>Resource Files</Filter>
    </ClCompile>
    <ClCompile Include="betterfeedback.cpp">
      <Filter>Resource Files</Filter>
    </ClCompile>
    <ClCompile Include="binaryconversion.cpp">
      <Filter>Resource Files</Filter>
    </ClCompile>
    <ClCompile Include="bitwiseoperator.cpp">
      <Filter>Resource Files</Filter>
    </ClCompile>
    <ClCompile Include="boolsvars.cpp">
      <Filter>Resource Files</Filter>
    </ClCompile>
    <ClCompile Include="checkrange.cpp">
      <Filter>Resource Files</Filter>
    </ClCompile>
    <ClCompile Include="countoffive.cpp">
      <Filter>Resource Files</Filter>
    </ClCompile>
    <ClCompile Include="countup.cpp">
      <Filter>Resource Files</Filter>
    </ClCompile>
    <ClCompile Include="datetransformer.cpp">
      <Filter>Resource Files</Filter>
    </ClCompile>
    <ClCompile Include="degreesConverter.cpp">
      <Filter>Resource Files</Filter>
    </ClCompile>
    <ClCompile Include="digittoword.cpp">
      <Filter>Resource Files</Filter>
    </ClCompile>
    <ClCompile Include="enhancedcheckrange.cpp">
      <Filter>Resource Files</Filter>
    </ClCompile>
    <ClCompile Include="enhancedtimeconv.cpp">
      <Filter>Resource Files</Filter>
    </ClCompile>
    <ClCompile Include="faultytempconv.cpp">
      <Filter>Resource Files</Filter>
    </ClCompile>
    <ClCompile Include="imprecise5th.cpp">
      <Filter>Resource Files</Filter>
    </ClCompile>
    <ClCompile Include="imprecisedifference.cpp">
      <Filter>Resource Files</Filter>
    </ClCompile>
    <ClCompile Include="integeroverflow.cpp">
      <Filter>Resource Files</Filter>
    </ClCompile>
    <ClCompile Include="iterativecountoffive.cpp">
      <Filter>Resource Files</Filter>
    </ClCompile>
    <ClCompile Include="newcheckrange.cpp">
      <Filter>Resource Files</Filter>
    </ClCompile>
    <ClCompile Include="powersof10.cpp">
      <Filter>Resource Files</Filter>
    </ClCompile>
    <ClCompile Include="powersof10justified.cpp">
      <Filter>Resource Files</Filter>
    </ClCompile>
    <ClCompile Include="powersof10withcommas.cpp">
      <Filter>Resource Files</Filter>
    </ClCompile>
    <ClCompile Include="precise8th.cpp">
      <Filter>Resource Files</Filter>
    </ClCompile>
    <ClCompile Include="prevspost.cpp">
      <Filter>Resource Files</Filter>
    </ClCompile>
    <ClCompile Include="restyledigittoword.cpp">
      <Filter>Resource Files</Filter>
    </ClCompile>
    <ClCompile Include="samedifferent.cpp">
      <Filter>Resource Files</Filter>
    </ClCompile>
    <ClCompile Include="simplerbinaryconversion.cpp">
      <Filter>Resource Files</Filter>
    </ClCompile>
    <ClCompile Include="Source.cpp">
      <Filter>Resource Files</Filter>
    </ClCompile>
    <ClCompile Include="timecondconv1.cpp">
      <Filter>Resource Files</Filter>
    </ClCompile>
    <ClCompile Include="timeconv.cpp">
      <Filter>Resource Files</Filter>
    </ClCompile>
    <ClCompile Include="timeconvcond2.cpp">
      <Filter>Resource Files</Filter>
    </ClCompile>
    <ClCompile Include="timestable-1st-try.cpp">
      <Filter>Resource Files</Filter>
    </ClCompile>
    <ClCompile Include="troubleshootloop.cpp">
      <Filter>Resource Files</Filter>
    </ClCompile>
    <ClCompile Include="unsignedoverflow.cpp">
      <Filter>Resource Files</Filter>
    </ClCompile>
    <ClCompile Include="timestable-2nd-try.cpp">
      <Filter>Source Files</Filter>
    </ClCompile>
    <ClCompile Include="standardsquareroot.cpp">
      <Filter>Source Files</Filter>
    </ClCompile>
    <ClCompile Include="usingsqrt.cpp">
      <Filter>Source Files</Filter>
    </ClCompile>
    <ClCompile Include="orbitdist.cpp">
      <Filter>Source Files</Filter>
    </ClCompile>
    <ClCompile Include="moreefficientprimes.cpp">
      <Filter>Source Files</Filter>
    </ClCompile>
    <ClCompile Include="maxmin.cpp">
      <Filter>Source Files</Filter>
    </ClCompile>
    <ClCompile Include="timeit.cpp">
      <Filter>Source Files</Filter>
    </ClCompile>
    <ClCompile Include="measureprimespeed.cpp">
      <Filter>Source Files</Filter>
    </ClCompile>
    <ClCompile Include="touppercase.cpp">
      <Filter>Source Files</Filter>
    </ClCompile>
    <ClCompile Include="simplerandom.cpp">
      <Filter>Source Files</Filter>
    </ClCompile>
    <ClCompile Include="simplefunction.cpp">
      <Filter>Source Files</Filter>
    </ClCompile>
    <ClCompile Include="passbyvalue.cpp">
      <Filter>Source Files</Filter>
    </ClCompile>
    <ClCompile Include="primefuc.cpp">
      <Filter>Source Files</Filter>
    </ClCompile>
    <ClCompile Include="treefunc.cpp">
      <Filter>Source Files</Filter>
    </ClCompile>
    <ClCompile Include="simplefloataddition.cpp">
      <Filter>Source Files</Filter>
    </ClCompile>
    <ClCompile Include="timestablefunction.cpp">
      <Filter>Source Files</Filter>
    </ClCompile>
    <ClCompile Include="organization1.cpp">
      <Filter>Source Files</Filter>
    </ClCompile>
    <ClCompile Include="organization2.cpp">
      <Filter>Source Files</Filter>
    </ClCompile>
    <ClCompile Include="organization3.cpp">
      <Filter>Source Files</Filter>
    </ClCompile>
    <ClCompile Include="localfuncdef1.cpp">
      <Filter>Source Files</Filter>
    </ClCompile>
    <ClCompile Include="localfuncdef2.cpp">
      <Filter>Source Files</Filter>
    </ClCompile>
    <ClCompile Include="globalcalculator.cpp">
      <Filter>Source Files</Filter>
    </ClCompile>
    <ClCompile Include="promptwithstatic.cpp">
      <Filter>Source Files</Filter>
    </ClCompile>
    <ClCompile Include="histobar.cpp">
      <Filter>Source Files</Filter>
    </ClCompile>
    <ClCompile Include="prime.cpp">
      <Filter>Source Files</Filter>
    </ClCompile>
    <ClCompile Include="primetester.cpp">
      <Filter>Source Files</Filter>
    </ClCompile>
    <ClCompile Include="timermodule.cpp">
      <Filter>Source Files</Filter>
    </ClCompile>
    <ClCompile Include="referencevar.cpp">
      <Filter>Source Files</Filter>
    </ClCompile>
    <ClCompile Include="swapwithpointers.cpp">
      <Filter>Source Files</Filter>
    </ClCompile>
    <ClCompile Include="swapwithreferences.cpp">
      <Filter>Source Files</Filter>
    </ClCompile>
    <ClCompile Include="arithmeticval.cpp">
      <Filter>Resource Files</Filter>
    </ClCompile>
    <ClCompile Include="badfloatcheck.cpp">
      <Filter>Resource Files</Filter>
    </ClCompile>
    <ClCompile Include="betterinputfunc.cpp">
      <Filter>Resource Files</Filter>
    </ClCompile>
    <ClCompile Include="betterdie.cpp">
      <Filter>Resource Files</Filter>
    </ClCompile>
    <ClCompile Include="computesquarerootcpp.cpp">
      <Filter>Resource Files</Filter>
    </ClCompile>
    <ClCompile Include="betterprompt.cpp">
      <Filter>Resource Files</Filter>
    </ClCompile>
    <ClCompile Include="betterrandom.cpp">
      <Filter>Resource Files</Filter>
    </ClCompile>
    <ClCompile Include="bettertimeit.cpp">
      <Filter>Resource Files</Filter>
    </ClCompile>
    <ClCompile Include="calculator.cpp">
      <Filter>Resource Files</Filter>
    </ClCompile>
    <ClCompile Include="counter.cpp">
      <Filter>Resource Files</Filter>
    </ClCompile>
    <ClCompile Include="countdown.cpp">
      <Filter>Resource Files</Filter>
    </ClCompile>
    <ClCompile Include="countof10.cpp">
      <Filter>Resource Files</Filter>
    </ClCompile>
    <ClCompile Include="countton.cpp">
      <Filter>Resource Files</Filter>
    </ClCompile>
    <ClCompile Include="customsquareroot.cpp">
      <Filter>Resource Files</Filter>
    </ClCompile>
    <ClCompile Include="die.cpp">
      <Filter>Resource Files</Filter>
    </ClCompile>
    <ClCompile Include="digitaltimer.cpp">
      <Filter>Resource Files</Filter>
    </ClCompile>
    <ClCompile Include="factorialtest.cpp">
      <Filter>Resource Files</Filter>
    </ClCompile>
    <ClCompile Include="evenbetterprompt.cpp">
      <Filter>Resource Files</Filter>
    </ClCompile>
    <ClCompile Include="floatequals.cpp">
      <Filter>Resource Files</Filter>
    </ClCompile>
    <ClCompile Include="faultyswap.cpp">
      <Filter>Resource Files</Filter>
    </ClCompile>
    <ClCompile Include="gcd.cpp">
      <Filter>Resource Files</Filter>
    </ClCompile>
    <ClCompile Include="gcdprog.cpp">
      <Filter>Resource Files</Filter>
    </ClCompile>
    <ClCompile Include="averagenumbers.cpp">
      <Filter>Source Files</Filter>
    </ClCompile>
    <ClCompile Include="averagenumber2.cpp">
      <Filter>Source Files</Filter>
    </ClCompile>
    <ClCompile Include="vectoraverage.cpp">
      <Filter>Source Files</Filter>
    </ClCompile>
    <ClCompile Include="vectoroutofbounds.cpp">
      <Filter>Source Files</Filter>
    </ClCompile>
    <ClCompile Include="foreachexample.cpp">
      <Filter>Source Files</Filter>
    </ClCompile>
    <ClCompile Include="vectoroutofbounds2.cpp">
      <Filter>Source Files</Filter>
    </ClCompile>
    <ClCompile Include="vectortofunc.cpp">
      <Filter>Source Files</Filter>
    </ClCompile>
    <ClCompile Include="makerandomvector.cpp">
      <Filter>Source Files</Filter>
    </ClCompile>
    <ClCompile Include="primelist.cpp">
      <Filter>Source Files</Filter>
    </ClCompile>
    <ClCompile Include="twodimvector.cpp">
      <Filter>Source Files</Filter>
    </ClCompile>
    <ClCompile Include="arraytofunc.cpp">
      <Filter>Source Files</Filter>
    </ClCompile>
    <ClCompile Include="cleararray.cpp">
      <Filter>Source Files</Filter>
    </ClCompile>
    <ClCompile Include="Pointerprint.cpp">
      <Filter>Source Files</Filter>
    </ClCompile>
    <ClCompile Include="pointerprint2.cpp">
      <Filter>Source Files</Filter>
    </ClCompile>
    <ClCompile Include="recursivearrayprint.cpp">
      <Filter>Source Files</Filter>
    </ClCompile>
    <ClCompile Include="pointerarithmetic.cpp">
      <Filter>Source Files</Filter>
    </ClCompile>
    <ClCompile Include="largearrayaverage.cpp">
      <Filter>Source Files</Filter>
    </ClCompile>
    <ClCompile Include="flexiblearrayaverage.cpp">
      <Filter>Source Files</Filter>
    </ClCompile>
    <ClCompile Include="resizearray.cpp">
      <Filter>Source Files</Filter>
    </ClCompile>
    <ClCompile Include="twodimarray.cpp">
      <Filter>Source Files</Filter>
    </ClCompile>
    <ClCompile Include="findchar.cpp">
      <Filter>Source Files</Filter>
    </ClCompile>
    <ClCompile Include="cmdlineargs.cpp">
      <Filter>Source Files</Filter>
    </ClCompile>
    <ClCompile Include="sqrtcmdline.cpp">
      <Filter>Source Files</Filter>
    </ClCompile>
    <ClCompile Include="stdarray.cpp">
      <Filter>Source Files</Filter>
    </ClCompile>
    <ClCompile Include="fasterprimes.cpp">
      <Filter>Source Files</Filter>
    </ClCompile>
    <ClCompile Include="fasterprimes2.cpp">
      <Filter>Source Files</Filter>
    </ClCompile>
    <ClCompile Include="sortintegers.cpp">
      <Filter>Source Files</Filter>
    </ClCompile>
  </ItemGroup>
  <ItemGroup>
    <ClInclude Include="Header.h">
      <Filter>Header Files</Filter>
    </ClInclude>
    <ClInclude Include="prime.h">
      <Filter>Header Files</Filter>
    </ClInclude>
    <ClInclude Include="timermodule.h">
      <Filter>Header Files</Filter>
    </ClInclude>
  </ItemGroup>
</Project>